# This file is generated by running "yarn install" inside your project.
# Manual changes might be lost - proceed with caution!

__metadata:
  version: 6
  cacheKey: 8

"@braintree/sanitize-url@npm:^3.1.0":
  version: 3.1.0
  resolution: "@braintree/sanitize-url@npm:3.1.0"
  checksum: 179a6bb79c78fefdff5f93df9d46aa9c7ac62c6fff59e73ecd92cb6b82fbb3b96b62a8ba5ef3e99b0ce73b2da5987db7a60b4323147764af6620e0de012af6df
  languageName: node
  linkType: hard

"@inovua/reactdatagrid-community@npm:^5.8.5":
  version: 5.8.5
  resolution: "@inovua/reactdatagrid-community@npm:5.8.5"
  dependencies:
    "@types/lodash.debounce": ^4.0.6
    "@types/lodash.throttle": ^4.1.6
    eventemitter3: ^4.0.7
    fast-deep-equal: ^3.1.1
    lodash.debounce: ^4.0.8
    lodash.throttle: ^4.1.1
    object-assign: ^4.1.1
    resize-observer-polyfill: ^1.5.1
    shallowequal: 0.2.2
  peerDependencies:
    prop-types: ">=15.5.0"
    react: ">=16.8.0-0"
    react-dom: ">=16.8.0-0"
  checksum: a9b4e830d7054a5c1585341f16e07845a6fc00876fae28a65df1e21a5f12fddd8833dd5b28bf21f82b73f3d4c3ce6b121a9bc566fabb7971d6ca4a2603565e16
  languageName: node
  linkType: hard

"@next/env@npm:13.2.4":
  version: 13.2.4
  resolution: "@next/env@npm:13.2.4"
  checksum: 4123e08a79e66d6144006972027a9ceb8f3fdd782c4a869df1eb3b91b59ad9f4a44082d3f8e421f4df5214c6bc7190b52b94881369452d65eb4580485f33b9e6
  languageName: node
  linkType: hard

"@next/swc-android-arm-eabi@npm:13.2.4":
  version: 13.2.4
  resolution: "@next/swc-android-arm-eabi@npm:13.2.4"
  conditions: os=android & cpu=arm
  languageName: node
  linkType: hard

"@next/swc-android-arm64@npm:13.2.4":
  version: 13.2.4
  resolution: "@next/swc-android-arm64@npm:13.2.4"
  conditions: os=android & cpu=arm64
  languageName: node
  linkType: hard

"@next/swc-darwin-arm64@npm:13.2.4":
  version: 13.2.4
  resolution: "@next/swc-darwin-arm64@npm:13.2.4"
  conditions: os=darwin & cpu=arm64
  languageName: node
  linkType: hard

"@next/swc-darwin-x64@npm:13.2.4":
  version: 13.2.4
  resolution: "@next/swc-darwin-x64@npm:13.2.4"
  conditions: os=darwin & cpu=x64
  languageName: node
  linkType: hard

"@next/swc-freebsd-x64@npm:13.2.4":
  version: 13.2.4
  resolution: "@next/swc-freebsd-x64@npm:13.2.4"
  conditions: os=freebsd & cpu=x64
  languageName: node
  linkType: hard

"@next/swc-linux-arm-gnueabihf@npm:13.2.4":
  version: 13.2.4
  resolution: "@next/swc-linux-arm-gnueabihf@npm:13.2.4"
  conditions: os=linux & cpu=arm
  languageName: node
  linkType: hard

"@next/swc-linux-arm64-gnu@npm:13.2.4":
  version: 13.2.4
  resolution: "@next/swc-linux-arm64-gnu@npm:13.2.4"
  conditions: os=linux & cpu=arm64 & libc=glibc
  languageName: node
  linkType: hard

"@next/swc-linux-arm64-musl@npm:13.2.4":
  version: 13.2.4
  resolution: "@next/swc-linux-arm64-musl@npm:13.2.4"
  conditions: os=linux & cpu=arm64 & libc=musl
  languageName: node
  linkType: hard

"@next/swc-linux-x64-gnu@npm:13.2.4":
  version: 13.2.4
  resolution: "@next/swc-linux-x64-gnu@npm:13.2.4"
  conditions: os=linux & cpu=x64 & libc=glibc
  languageName: node
  linkType: hard

"@next/swc-linux-x64-musl@npm:13.2.4":
  version: 13.2.4
  resolution: "@next/swc-linux-x64-musl@npm:13.2.4"
  conditions: os=linux & cpu=x64 & libc=musl
  languageName: node
  linkType: hard

"@next/swc-win32-arm64-msvc@npm:13.2.4":
  version: 13.2.4
  resolution: "@next/swc-win32-arm64-msvc@npm:13.2.4"
  conditions: os=win32 & cpu=arm64
  languageName: node
  linkType: hard

"@next/swc-win32-ia32-msvc@npm:13.2.4":
  version: 13.2.4
  resolution: "@next/swc-win32-ia32-msvc@npm:13.2.4"
  conditions: os=win32 & cpu=ia32
  languageName: node
  linkType: hard

"@next/swc-win32-x64-msvc@npm:13.2.4":
  version: 13.2.4
  resolution: "@next/swc-win32-x64-msvc@npm:13.2.4"
  conditions: os=win32 & cpu=x64
  languageName: node
  linkType: hard

"@swc/helpers@npm:0.4.14":
  version: 0.4.14
  resolution: "@swc/helpers@npm:0.4.14"
  dependencies:
    tslib: ^2.4.0
  checksum: 273fd3f3fc461a92f3790cc551ea054745c6d6959afbe1232e6d7aa1c722bbc114d308aab96bef5c78fc0303c85c7b472ef00e2253251cc89737f3b1af56e5a5
  languageName: node
  linkType: hard

"@types/lodash.debounce@npm:^4.0.6":
  version: 4.0.7
  resolution: "@types/lodash.debounce@npm:4.0.7"
  dependencies:
    "@types/lodash": "*"
  checksum: e873b2d77f89010876baba3437ef826b17221b98948e00b5590828334a481dea1c8f9d28543210e564adc53199584f42c3cb171f8b6c3614fefc0b4e0888679c
  languageName: node
  linkType: hard

"@types/lodash.throttle@npm:^4.1.6":
  version: 4.1.7
  resolution: "@types/lodash.throttle@npm:4.1.7"
  dependencies:
    "@types/lodash": "*"
  checksum: 6e1b3836488fecbdc537b6ad9b3fe4855c7336b0fa388773cd57d486619f565a48cabc04b28677fd3819be3f2d13d2bb8f9d4428aa5632885c86cb99729bfd69
  languageName: node
  linkType: hard

"@types/lodash@npm:*":
  version: 4.14.191
  resolution: "@types/lodash@npm:4.14.191"
  checksum: ba0d5434e10690869f32d5ea49095250157cae502f10d57de0a723fd72229ce6c6a4979576f0f13e0aa9fbe3ce2457bfb9fa7d4ec3d6daba56730a51906d1491
  languageName: node
  linkType: hard

"attr-accept@npm:^2.2.2":
  version: 2.2.2
  resolution: "attr-accept@npm:2.2.2"
  checksum: 496f7249354ab53e522510c1dc8f67a1887382187adde4dc205507d2f014836a247073b05e9d9ea51e2e9c7f71b0d2aa21730af80efa9af2d68303e5f0565c4d
  languageName: node
  linkType: hard

"caniuse-lite@npm:^1.0.30001406":
  version: 1.0.30001467
  resolution: "caniuse-lite@npm:1.0.30001467"
  checksum: c7df36ddb8050fb366a4bedd278f4b639c1dde94b6ba62bacf960f26d488395632a0630b7932ebc52d3d04b57940d12dcb4a7d3bb744ff64c249b61fb3e0c238
  languageName: node
  linkType: hard

"client-only@npm:0.0.1":
  version: 0.0.1
  resolution: "client-only@npm:0.0.1"
  checksum: 0c16bf660dadb90610553c1d8946a7fdfb81d624adea073b8440b7d795d5b5b08beb3c950c6a2cf16279365a3265158a236876d92bce16423c485c322d7dfaf8
  languageName: node
  linkType: hard

"commander@npm:2":
  version: 2.20.3
  resolution: "commander@npm:2.20.3"
  checksum: ab8c07884e42c3a8dbc5dd9592c606176c7eb5c1ca5ff274bcf907039b2c41de3626f684ea75ccf4d361ba004bbaff1f577d5384c155f3871e456bdf27becf9e
  languageName: node
  linkType: hard

"commander@npm:7":
  version: 7.2.0
  resolution: "commander@npm:7.2.0"
  checksum: 53501cbeee61d5157546c0bef0fedb6cdfc763a882136284bed9a07225f09a14b82d2a84e7637edfd1a679fb35ed9502fd58ef1d091e6287f60d790147f68ddc
  languageName: node
  linkType: hard

"d3-array@npm:1, d3-array@npm:^1.1.1, d3-array@npm:^1.2.0":
  version: 1.2.4
  resolution: "d3-array@npm:1.2.4"
  checksum: d0be1fa7d72dbfac8a3bcffbb669d42bcb9128d8818d84d2b1df0c60bbe4c8e54a798be0457c55a219b399e2c2fabcbd581cbb130eb638b5436b0618d7e56000
  languageName: node
  linkType: hard

"d3-array@npm:2 - 3, d3-array@npm:2.10.0 - 3, d3-array@npm:2.5.0 - 3, d3-array@npm:3, d3-array@npm:^3.2.0":
  version: 3.2.2
  resolution: "d3-array@npm:3.2.2"
  dependencies:
    internmap: 1 - 2
  checksum: 98af3db792685ceca5d9c3721efba0c567520da5532b2c7a590fd83627a598ea225d11c2cecbad404dc154120feb5ea6df0ded38f82ddf342c714cfd0c6143d1
  languageName: node
  linkType: hard

"d3-axis@npm:1":
  version: 1.0.12
  resolution: "d3-axis@npm:1.0.12"
  checksum: b1cf820fb6e95cc3371b340353b05272dba16ce6ad4fe9a0992d075ab48a08810f87f5e6c7cbb6c63fca1ee1e9b7c822307a1590187daa7627f45728a747c746
  languageName: node
  linkType: hard

"d3-axis@npm:3":
  version: 3.0.0
  resolution: "d3-axis@npm:3.0.0"
  checksum: 227ddaa6d4bad083539c1ec245e2228b4620cca941997a8a650cb0af239375dc20271993127eedac66f0543f331027aca09385e1e16eed023f93eac937cddf0b
  languageName: node
  linkType: hard

"d3-brush@npm:1":
  version: 1.1.6
  resolution: "d3-brush@npm:1.1.6"
  dependencies:
    d3-dispatch: 1
    d3-drag: 1
    d3-interpolate: 1
    d3-selection: 1
    d3-transition: 1
  checksum: ffa23a5543699cc1199f45ac87d4e1293167c4bab0833657d77172d84d910448893569393290dba3689af1e5a1fc77503d94a2dec3976de8a7bc68ed0e32413a
  languageName: node
  linkType: hard

"d3-brush@npm:3":
  version: 3.0.0
  resolution: "d3-brush@npm:3.0.0"
  dependencies:
    d3-dispatch: 1 - 3
    d3-drag: 2 - 3
    d3-interpolate: 1 - 3
    d3-selection: 3
    d3-transition: 3
  checksum: 1d042167769a02ac76271c71e90376d7184206e489552b7022a8ec2860209fe269db55e0a3430f3dcbe13b6fec2ff65b1adeaccba3218991b38e022390df72e3
  languageName: node
  linkType: hard

"d3-chord@npm:1":
  version: 1.0.6
  resolution: "d3-chord@npm:1.0.6"
  dependencies:
    d3-array: 1
    d3-path: 1
  checksum: e4ca95ffff089f0eccf796d16a5574121e0ecbe658dcd9d5fa760af3573c3349264ce325c0adf1f32bcad67038d3938edd109712166cfb5b3bbe068e27c012e9
  languageName: node
  linkType: hard

"d3-chord@npm:3":
  version: 3.0.1
  resolution: "d3-chord@npm:3.0.1"
  dependencies:
    d3-path: 1 - 3
  checksum: ddf35d41675e0f8738600a8a2f05bf0858def413438c12cba357c5802ecc1014c80a658acbbee63cbad2a8c747912efb2358455d93e59906fe37469f1dc6b78b
  languageName: node
  linkType: hard

"d3-collection@npm:1":
  version: 1.0.7
  resolution: "d3-collection@npm:1.0.7"
  checksum: 9c6b910a9da0efb021e294509f98263ca4f62d10b997bb30ccfb6edd582b703da36e176b968b5bac815fbb0f328e49643c38cf93b5edf8572a179ba55cf4a09d
  languageName: node
  linkType: hard

"d3-color@npm:1":
  version: 1.4.1
  resolution: "d3-color@npm:1.4.1"
  checksum: a214b61458b5fcb7ad1a84faed0e02918037bab6be37f2d437bf0e2915cbd854d89fbf93754f17b0781c89e39d46704633d05a2bfae77e6209f0f4b140f9894b
  languageName: node
  linkType: hard

"d3-color@npm:1 - 3, d3-color@npm:3":
  version: 3.1.0
  resolution: "d3-color@npm:3.1.0"
  checksum: 4931fbfda5d7c4b5cfa283a13c91a954f86e3b69d75ce588d06cde6c3628cebfc3af2069ccf225e982e8987c612aa7948b3932163ce15eb3c11cd7c003f3ee3b
  languageName: node
  linkType: hard

"d3-contour@npm:1":
  version: 1.3.2
  resolution: "d3-contour@npm:1.3.2"
  dependencies:
    d3-array: ^1.1.1
  checksum: c18a099a7f4af2adf788e96d07bfc7236661a6e40c017ef8e172fe0142561f3722f71263075c565a17b72e6cd6a2a05de3868fcc5420eb77b00d3a0179a69a0d
  languageName: node
  linkType: hard

"d3-contour@npm:4":
  version: 4.0.2
  resolution: "d3-contour@npm:4.0.2"
  dependencies:
    d3-array: ^3.2.0
  checksum: 56aa082c1acf62a45b61c8d29fdd307041785aa17d9a07de7d1d848633769887a33fb6823888afa383f31c460d0f21d24756593e84e334ddb92d774214d32f1b
  languageName: node
  linkType: hard

"d3-delaunay@npm:6":
  version: 6.0.2
  resolution: "d3-delaunay@npm:6.0.2"
  dependencies:
    delaunator: 5
  checksum: 80b18686dd7a5919a570000061f1515d106b7c7e3cba9da55706c312fc8f6de58a72674f2ea4eadc6694611f2df59f82c8b9d304845dd8b7903ee1f303aa5865
  languageName: node
  linkType: hard

"d3-dispatch@npm:1":
  version: 1.0.6
  resolution: "d3-dispatch@npm:1.0.6"
  checksum: b4ecb016b6dda8b99aa4263b2d0a0c7b12e7dea93e4b0ce3013c94dca4d360d9ba00f5bdc15dc944cc4543af8e341067bd628f061f7b8deb642257e2ac90d06c
  languageName: node
  linkType: hard

"d3-dispatch@npm:1 - 3, d3-dispatch@npm:3":
  version: 3.0.1
  resolution: "d3-dispatch@npm:3.0.1"
  checksum: fdfd4a230f46463e28e5b22a45dd76d03be9345b605e1b5dc7d18bd7ebf504e6c00ae123fd6d03e23d9e2711e01f0e14ea89cd0632545b9f0c00b924ba4be223
  languageName: node
  linkType: hard

"d3-drag@npm:1":
  version: 1.2.5
  resolution: "d3-drag@npm:1.2.5"
  dependencies:
    d3-dispatch: 1
    d3-selection: 1
  checksum: 6e86e89aa8d511979eea1b5326709c05c2a3c2d43a93a82ed6b6f98528b2ab03b2f58f5e4f66582f2f1c0ae44f9c19f6f4f857249eb66aabc46e4942295fa0a7
  languageName: node
  linkType: hard

"d3-drag@npm:2 - 3, d3-drag@npm:3":
  version: 3.0.0
  resolution: "d3-drag@npm:3.0.0"
  dependencies:
    d3-dispatch: 1 - 3
    d3-selection: 3
  checksum: d297231e60ecd633b0d076a63b4052b436ddeb48b5a3a11ff68c7e41a6774565473a6b064c5e9256e88eca6439a917ab9cea76032c52d944ddbf4fd289e31111
  languageName: node
  linkType: hard

"d3-dsv@npm:1":
  version: 1.2.0
  resolution: "d3-dsv@npm:1.2.0"
  dependencies:
    commander: 2
    iconv-lite: 0.4
    rw: 1
  bin:
    csv2json: bin/dsv2json
    csv2tsv: bin/dsv2dsv
    dsv2dsv: bin/dsv2dsv
    dsv2json: bin/dsv2json
    json2csv: bin/json2dsv
    json2dsv: bin/json2dsv
    json2tsv: bin/json2dsv
    tsv2csv: bin/dsv2dsv
    tsv2json: bin/dsv2json
  checksum: 96c6e3d5ca1566624ca613b5941bc6fa916082cbe4b2b71cb6c5978c471db58c489b17206e3e31fbe30719dbd75e9c8ed8ab12a9d353cff90a35102690de7823
  languageName: node
  linkType: hard

"d3-dsv@npm:1 - 3, d3-dsv@npm:3":
  version: 3.0.1
  resolution: "d3-dsv@npm:3.0.1"
  dependencies:
    commander: 7
    iconv-lite: 0.6
    rw: 1
  bin:
    csv2json: bin/dsv2json.js
    csv2tsv: bin/dsv2dsv.js
    dsv2dsv: bin/dsv2dsv.js
    dsv2json: bin/dsv2json.js
    json2csv: bin/json2dsv.js
    json2dsv: bin/json2dsv.js
    json2tsv: bin/json2dsv.js
    tsv2csv: bin/dsv2dsv.js
    tsv2json: bin/dsv2json.js
  checksum: 5fc0723647269d5dccd181d74f2265920ab368a2868b0b4f55ffa2fecdfb7814390ea28622cd61ee5d9594ab262879509059544e9f815c54fe76fbfb4ffa4c8a
  languageName: node
  linkType: hard

"d3-ease@npm:1":
  version: 1.0.7
  resolution: "d3-ease@npm:1.0.7"
  checksum: 117811d51dfc4a126e8d23d249252df792fbbe30a93615e1d67158c482eff69b900e45a4cc92746fe65b1143287455406a89aae04eb4ca1ba5b1dc2a42af5b85
  languageName: node
  linkType: hard

"d3-ease@npm:1 - 3, d3-ease@npm:3":
  version: 3.0.1
  resolution: "d3-ease@npm:3.0.1"
  checksum: 06e2ee5326d1e3545eab4e2c0f84046a123dcd3b612e68858219aa034da1160333d9ce3da20a1d3486d98cb5c2a06f7d233eee1bc19ce42d1533458bd85dedcd
  languageName: node
  linkType: hard

"d3-fetch@npm:1":
  version: 1.2.0
  resolution: "d3-fetch@npm:1.2.0"
  dependencies:
    d3-dsv: 1
  checksum: 00f091945bff4afbd06e6ce9ad762f0e91b7aac912c1ae7fe0efdbcce3a997d4fa2a93c254a3ba9b3f53f2134d606b20fb13791adbf5c6ed5c0be329a775945f
  languageName: node
  linkType: hard

"d3-fetch@npm:3":
  version: 3.0.1
  resolution: "d3-fetch@npm:3.0.1"
  dependencies:
    d3-dsv: 1 - 3
  checksum: 382dcea06549ef82c8d0b719e5dc1d96286352579e3b51b20f71437f5800323315b09cf7dcfd4e1f60a41e1204deb01758470cea257d2285a7abd9dcec806984
  languageName: node
  linkType: hard

"d3-force@npm:1":
  version: 1.2.1
  resolution: "d3-force@npm:1.2.1"
  dependencies:
    d3-collection: 1
    d3-dispatch: 1
    d3-quadtree: 1
    d3-timer: 1
  checksum: b73fe29d6c9a9c432ae65166d71238d14578a3a9537df095bebff87b7814161cd2822aff54a38d2400edb98b7f6d9221a810dcad7a53c6e8ddff0973f44ab3fa
  languageName: node
  linkType: hard

"d3-force@npm:3":
  version: 3.0.0
  resolution: "d3-force@npm:3.0.0"
  dependencies:
    d3-dispatch: 1 - 3
    d3-quadtree: 1 - 3
    d3-timer: 1 - 3
  checksum: 6c7e96438cab62fa32aeadb0ade3297b62b51f81b1b38b0a60a5ec9fd627d74090c1189654d92df2250775f31b06812342f089f1d5947de9960a635ee3581def
  languageName: node
  linkType: hard

"d3-format@npm:1":
  version: 1.4.5
  resolution: "d3-format@npm:1.4.5"
  checksum: 1b8b2c0bca182173bccd290a43e8b635a83fc8cfe52ec878c7bdabb997d47daac11f2b175cebbe73f807f782ad655f542bdfe18180ca5eb3498a3a82da1e06ab
  languageName: node
  linkType: hard

"d3-format@npm:1 - 3, d3-format@npm:3":
  version: 3.1.0
  resolution: "d3-format@npm:3.1.0"
  checksum: f345ec3b8ad3cab19bff5dead395bd9f5590628eb97a389b1dd89f0b204c7c4fc1d9520f13231c2c7cf14b7c9a8cf10f8ef15bde2befbab41454a569bd706ca2
  languageName: node
  linkType: hard

"d3-geo@npm:1":
  version: 1.12.1
  resolution: "d3-geo@npm:1.12.1"
  dependencies:
    d3-array: 1
  checksum: 8ede498e5fce65c127403646f5cc6181a858a1e401e23e2856ce50ad27e6fdf8b49aeb88d2fad02696879d5825a45420ca1b5db9fa9c935ee413fe15b5bc37c4
  languageName: node
  linkType: hard

"d3-geo@npm:3":
  version: 3.1.0
  resolution: "d3-geo@npm:3.1.0"
  dependencies:
    d3-array: 2.5.0 - 3
  checksum: adf82b0c105c0c5951ae0a833d4dfc479a563791ad7938579fa14e1cffd623b469d8aa7a37dc413a327fb6ac56880f3da3f6c43d4abe3c923972dd98f34f37d1
  languageName: node
  linkType: hard

"d3-hierarchy@npm:1":
  version: 1.1.9
  resolution: "d3-hierarchy@npm:1.1.9"
  checksum: 5fd8761c302252cb9abe9ce2a0934fc97104dd0df8d1b5de6472532903416f40e13b4b58d03ce215a0b816d7129c4ed4503bd4fdbc00a130fdcf46a63d734a52
  languageName: node
  linkType: hard

"d3-hierarchy@npm:3":
  version: 3.1.2
  resolution: "d3-hierarchy@npm:3.1.2"
  checksum: 0fd946a8c5fd4686d43d3e11bbfc2037a145fda29d2261ccd0e36f70b66af6d7638e2c0c7112124d63fc3d3127197a00a6aecf676bd5bd392a94d7235a214263
  languageName: node
  linkType: hard

"d3-interpolate@npm:1":
  version: 1.4.0
  resolution: "d3-interpolate@npm:1.4.0"
  dependencies:
    d3-color: 1
  checksum: d98988bd1e2f59d01f100d0a19315ad8f82ef022aa09a65aff76f747a44f9b52f2d64c6578b8f47e01f2b14a8f0ef88f5460d11173c0dd2d58238c217ac0ec03
  languageName: node
  linkType: hard

"d3-interpolate@npm:1 - 3, d3-interpolate@npm:1.2.0 - 3, d3-interpolate@npm:3":
  version: 3.0.1
  resolution: "d3-interpolate@npm:3.0.1"
  dependencies:
    d3-color: 1 - 3
  checksum: a42ba314e295e95e5365eff0f604834e67e4a3b3c7102458781c477bd67e9b24b6bb9d8e41ff5521050a3f2c7c0c4bbbb6e187fd586daa3980943095b267e78b
  languageName: node
  linkType: hard

"d3-path@npm:1":
  version: 1.0.9
  resolution: "d3-path@npm:1.0.9"
  checksum: d4382573baf9509a143f40944baeff9fead136926aed6872f7ead5b3555d68925f8a37935841dd51f1d70b65a294fe35c065b0906fb6e42109295f6598fc16d0
  languageName: node
  linkType: hard

"d3-path@npm:1 - 3, d3-path@npm:3, d3-path@npm:^3.1.0":
  version: 3.1.0
  resolution: "d3-path@npm:3.1.0"
  checksum: 2306f1bd9191e1eac895ec13e3064f732a85f243d6e627d242a313f9777756838a2215ea11562f0c7630c7c3b16a19ec1fe0948b1c82f3317fac55882f6ee5d8
  languageName: node
  linkType: hard

"d3-polygon@npm:1":
  version: 1.0.6
  resolution: "d3-polygon@npm:1.0.6"
  checksum: 4a9764c2064d15e9f4fc9018c975f127540f6e701c18442e2a2e9339e743726f40e017d5213982d983cac3c23802321c257f2a10e686c803ec5533c6ff42bb7a
  languageName: node
  linkType: hard

"d3-polygon@npm:3":
  version: 3.0.1
  resolution: "d3-polygon@npm:3.0.1"
  checksum: 0b85c532517895544683849768a2c377cee3801ef8ccf3fa9693c8871dd21a0c1a2a0fc75ff54192f0ba2c562b0da2bc27f5bf959dfafc7fa23573b574865d2c
  languageName: node
  linkType: hard

"d3-quadtree@npm:1":
  version: 1.0.7
  resolution: "d3-quadtree@npm:1.0.7"
  checksum: 32181f578cbd69eed6b240073fed7f977f8039a121a3b9fc58ea1eea0c3c14d1237ef48cb4f80abb833063f8b0e7b885ef6de734e7bcc4e5b37e53ec444830f8
  languageName: node
  linkType: hard

"d3-quadtree@npm:1 - 3, d3-quadtree@npm:3":
  version: 3.0.1
  resolution: "d3-quadtree@npm:3.0.1"
  checksum: 5469d462763811475f34a7294d984f3eb100515b0585ca5b249656f6b1a6e99b20056a2d2e463cc9944b888896d2b1d07859c50f9c0cf23438df9cd2e3146066
  languageName: node
  linkType: hard

"d3-random@npm:1":
  version: 1.1.2
  resolution: "d3-random@npm:1.1.2"
  checksum: a27326319fa61d59b6ce8d5ce7547cc823dee1bc6dda35e9c233d709f43f76488c09353862463c9c5da99081482b0f7ea4177d78721b67bb677bb12354bffe42
  languageName: node
  linkType: hard

"d3-random@npm:3":
  version: 3.0.1
  resolution: "d3-random@npm:3.0.1"
  checksum: a70ad8d1cabe399ebeb2e482703121ac8946a3b336830b518da6848b9fdd48a111990fc041dc716f16885a72176ffa2898f2a250ca3d363ecdba5ef92b18e131
  languageName: node
  linkType: hard

"d3-scale-chromatic@npm:1":
  version: 1.5.0
  resolution: "d3-scale-chromatic@npm:1.5.0"
  dependencies:
    d3-color: 1
    d3-interpolate: 1
  checksum: 3bff7717f6e6b309b3347d48d6532e2295037a280bc5174f908ce5fc0e17a9470f6b202e49499b01a17a1f28cb76a61aae870a6c13c57195a362847f33747501
  languageName: node
  linkType: hard

"d3-scale-chromatic@npm:3":
  version: 3.0.0
  resolution: "d3-scale-chromatic@npm:3.0.0"
  dependencies:
    d3-color: 1 - 3
    d3-interpolate: 1 - 3
  checksum: a8ce4cb0267a17b28ebbb929f5e3071d985908a9c13b6fcaa2a198e1e018f275804d691c5794b970df0049725b7944f32297b31603d235af6414004f0c7f82c0
  languageName: node
  linkType: hard

"d3-scale@npm:2":
  version: 2.2.2
  resolution: "d3-scale@npm:2.2.2"
  dependencies:
    d3-array: ^1.2.0
    d3-collection: 1
    d3-format: 1
    d3-interpolate: 1
    d3-time: 1
    d3-time-format: 2
  checksum: 42086d4b9db9f8492a99dbbdacf546983faef1bb6260fe875c0c1884f1ca9cf5fd233de3702c2f9e24145b1c5383945e929c8682d80fa57ab515ef2c4f2c61f6
  languageName: node
  linkType: hard

"d3-scale@npm:4":
  version: 4.0.2
  resolution: "d3-scale@npm:4.0.2"
  dependencies:
    d3-array: 2.10.0 - 3
    d3-format: 1 - 3
    d3-interpolate: 1.2.0 - 3
    d3-time: 2.1.1 - 3
    d3-time-format: 2 - 4
  checksum: a9c770d283162c3bd11477c3d9d485d07f8db2071665f1a4ad23eec3e515e2cefbd369059ec677c9ac849877d1a765494e90e92051d4f21111aa56791c98729e
  languageName: node
  linkType: hard

"d3-selection@npm:1, d3-selection@npm:^1.1.0":
  version: 1.4.2
  resolution: "d3-selection@npm:1.4.2"
  checksum: 2484b392259b087a98f546f2610e6a11c90f38dae6b6b20a3fc85171038fcab4c72e702788b1960a4fece88bed2e36f268096358b5b48d3c7f0d35cfbe305da6
  languageName: node
  linkType: hard

"d3-selection@npm:2 - 3, d3-selection@npm:3":
  version: 3.0.0
  resolution: "d3-selection@npm:3.0.0"
  checksum: f4e60e133309115b99f5b36a79ae0a19d71ee6e2d5e3c7216ef3e75ebd2cb1e778c2ed2fa4c01bef35e0dcbd96c5428f5bd6ca2184fe2957ed582fde6841cbc5
  languageName: node
  linkType: hard

"d3-shape@npm:1":
  version: 1.3.7
  resolution: "d3-shape@npm:1.3.7"
  dependencies:
    d3-path: 1
  checksum: 46566a3ab64a25023653bf59d64e81e9e6c987e95be985d81c5cedabae5838bd55f4a201a6b69069ca862eb63594cd263cac9034afc2b0e5664dfe286c866129
  languageName: node
  linkType: hard

"d3-shape@npm:3":
  version: 3.2.0
  resolution: "d3-shape@npm:3.2.0"
  dependencies:
    d3-path: ^3.1.0
  checksum: de2af5fc9a93036a7b68581ca0bfc4aca2d5a328aa7ba7064c11aedd44d24f310c20c40157cb654359d4c15c3ef369f95ee53d71221017276e34172c7b719cfa
  languageName: node
  linkType: hard

"d3-time-format@npm:2":
  version: 2.3.0
  resolution: "d3-time-format@npm:2.3.0"
  dependencies:
    d3-time: 1
  checksum: 5445eaaf2b3b2095cdc1fa75dfd2f361a61c39b677dcc1c2ba4cb6bc0442953de0fbaaa397d7d7a9325ad99c63d869f162a713e150e826ff8af482615664cb3f
  languageName: node
  linkType: hard

"d3-time-format@npm:2 - 4, d3-time-format@npm:4":
  version: 4.1.0
  resolution: "d3-time-format@npm:4.1.0"
  dependencies:
    d3-time: 1 - 3
  checksum: 7342bce28355378152bbd4db4e275405439cabba082d9cd01946d40581140481c8328456d91740b0fe513c51ec4a467f4471ffa390c7e0e30ea30e9ec98fcdf4
  languageName: node
  linkType: hard

"d3-time@npm:1":
  version: 1.1.0
  resolution: "d3-time@npm:1.1.0"
  checksum: 33fcfff94ff093dde2048c190ecca8b39fe0ec8b3c61e9fc39c5f6072ce5b86dd2b91823f086366995422bbbac7f74fd9abdb7efe4f292a73b1c6197c699cc78
  languageName: node
  linkType: hard

"d3-time@npm:1 - 3, d3-time@npm:2.1.1 - 3, d3-time@npm:3":
  version: 3.1.0
  resolution: "d3-time@npm:3.1.0"
  dependencies:
    d3-array: 2 - 3
  checksum: 613b435352a78d9f31b7f68540788186d8c331b63feca60ad21c88e9db1989fe888f97f242322ebd6365e45ec3fb206a4324cd4ca0dfffa1d9b5feb856ba00a7
  languageName: node
  linkType: hard

"d3-timer@npm:1":
  version: 1.0.10
  resolution: "d3-timer@npm:1.0.10"
  checksum: f7040953672deb2dfa03830ace80dbbcb212f80890218eba15dcca6f33f74102d943023ccc2a563295195cd8c63639bb2410ef1691c8fecff4a114fdf5c666f4
  languageName: node
  linkType: hard

"d3-timer@npm:1 - 3, d3-timer@npm:3":
  version: 3.0.1
  resolution: "d3-timer@npm:3.0.1"
  checksum: 1cfddf86d7bca22f73f2c427f52dfa35c49f50d64e187eb788dcad6e927625c636aa18ae4edd44d084eb9d1f81d8ca4ec305dae7f733c15846a824575b789d73
  languageName: node
  linkType: hard

"d3-transition@npm:1":
  version: 1.3.2
  resolution: "d3-transition@npm:1.3.2"
  dependencies:
    d3-color: 1
    d3-dispatch: 1
    d3-ease: 1
    d3-interpolate: 1
    d3-selection: ^1.1.0
    d3-timer: 1
  checksum: 1b4a0cfa7aeb4033ab20e26a310488cfac989de44c6c2bf10e9f0808af915a33add6dca23fbafcefe8c08613fd0d6a933e48b4de24c0779163c2852a1c7c16f4
  languageName: node
  linkType: hard

"d3-transition@npm:2 - 3, d3-transition@npm:3":
  version: 3.0.1
  resolution: "d3-transition@npm:3.0.1"
  dependencies:
    d3-color: 1 - 3
    d3-dispatch: 1 - 3
    d3-ease: 1 - 3
    d3-interpolate: 1 - 3
    d3-timer: 1 - 3
  peerDependencies:
    d3-selection: 2 - 3
  checksum: cb1e6e018c3abf0502fe9ff7b631ad058efb197b5e14b973a410d3935aead6e3c07c67d726cfab258e4936ef2667c2c3d1cd2037feb0765f0b4e1d3b8788c0ea
  languageName: node
  linkType: hard

"d3-voronoi@npm:1":
  version: 1.1.4
  resolution: "d3-voronoi@npm:1.1.4"
  checksum: d28a74bc62f2b936b0d3b51d5be8d2366afca4fd7026d7ee8f655600650bf0c985da38a8c3ae46bfa315b5f524f3ca1c5211437cf1c8c737cc1da681e015baee
  languageName: node
  linkType: hard

"d3-zoom@npm:1":
  version: 1.8.3
  resolution: "d3-zoom@npm:1.8.3"
  dependencies:
    d3-dispatch: 1
    d3-drag: 1
    d3-interpolate: 1
    d3-selection: 1
    d3-transition: 1
  checksum: de408e5dc6df1481ef6854a3d495f8e963dbf5b0de41bcbd35def0602abda55b3f2c1fa751c75c2f0a9bafd3b278f30795c27503fe609b3dbe06a0720d01d5be
  languageName: node
  linkType: hard

"d3-zoom@npm:3":
  version: 3.0.0
  resolution: "d3-zoom@npm:3.0.0"
  dependencies:
    d3-dispatch: 1 - 3
    d3-drag: 2 - 3
    d3-interpolate: 1 - 3
    d3-selection: 2 - 3
    d3-transition: 2 - 3
  checksum: 8056e3527281cfd1ccbcbc458408f86973b0583e9dac00e51204026d1d36803ca437f970b5736f02fafed9f2b78f145f72a5dbc66397e02d4d95d4c594b8ff54
  languageName: node
  linkType: hard

"d3@npm:^5.14":
  version: 5.16.0
  resolution: "d3@npm:5.16.0"
  dependencies:
    d3-array: 1
    d3-axis: 1
    d3-brush: 1
    d3-chord: 1
    d3-collection: 1
    d3-color: 1
    d3-contour: 1
    d3-dispatch: 1
    d3-drag: 1
    d3-dsv: 1
    d3-ease: 1
    d3-fetch: 1
    d3-force: 1
    d3-format: 1
    d3-geo: 1
    d3-hierarchy: 1
    d3-interpolate: 1
    d3-path: 1
    d3-polygon: 1
    d3-quadtree: 1
    d3-random: 1
    d3-scale: 2
    d3-scale-chromatic: 1
    d3-selection: 1
    d3-shape: 1
    d3-time: 1
    d3-time-format: 2
    d3-timer: 1
    d3-transition: 1
    d3-voronoi: 1
    d3-zoom: 1
  checksum: 1462789c421c3ea3930a18b91be6c02c7b976fa4d714200ee2a042c62cbfb349448c79f1ae3dbaf186f79edb734b7aa7b734ee6ad61d81ab4305e6663623ab8e
  languageName: node
  linkType: hard

"d3@npm:^7.0.0":
  version: 7.8.2
  resolution: "d3@npm:7.8.2"
  dependencies:
    d3-array: 3
    d3-axis: 3
    d3-brush: 3
    d3-chord: 3
    d3-color: 3
    d3-contour: 4
    d3-delaunay: 6
    d3-dispatch: 3
    d3-drag: 3
    d3-dsv: 3
    d3-ease: 3
    d3-fetch: 3
    d3-force: 3
    d3-format: 3
    d3-geo: 3
    d3-hierarchy: 3
    d3-interpolate: 3
    d3-path: 3
    d3-polygon: 3
    d3-quadtree: 3
    d3-random: 3
    d3-scale: 4
    d3-scale-chromatic: 3
    d3-selection: 3
    d3-shape: 3
    d3-time: 3
    d3-time-format: 4
    d3-timer: 3
    d3-transition: 3
    d3-zoom: 3
  checksum: e7bf5918f2a97d0c0cc489d64348b323446aa824c32b65f0888846c26f80ed05dbee18a4b7c9a487b3e60d9d404e4672d169573fe63439e3e53abd5812bcd766
  languageName: node
  linkType: hard

"dagre-d3@npm:^0.6.4":
  version: 0.6.4
  resolution: "dagre-d3@npm:0.6.4"
  dependencies:
    d3: ^5.14
    dagre: ^0.8.5
    graphlib: ^2.1.8
    lodash: ^4.17.15
  checksum: 14d5ae9c438c72e928adaac625fb6341367082b401e8abc1cbc8a5b0be72abbc28502c47d497aa8386ff66bf1bed4c27be9b3f040291e9c631eae9858d2444e3
  languageName: node
  linkType: hard

"dagre@npm:^0.8.5":
  version: 0.8.5
  resolution: "dagre@npm:0.8.5"
  dependencies:
    graphlib: ^2.1.8
    lodash: ^4.17.15
  checksum: b9fabd425466d7b662381c2e457b1adda996bc4169aa60121d4de50250d83a6bb4b77d559e2f887c9c564caea781c2a377fd4de2a76c15f8f04ec3d086ca95f9
  languageName: node
  linkType: hard

"delaunator@npm:5":
  version: 5.0.0
  resolution: "delaunator@npm:5.0.0"
  dependencies:
    robust-predicates: ^3.0.0
  checksum: d6764188442b7f7c6bcacebd96edc00e35f542a96f1af3ef600e586bfb9849a3682c489c0ab423440c90bc4c7cac77f28761babff76fa29e193e1cf50a95b860
  languageName: node
  linkType: hard

"dompurify@npm:2.3.5":
  version: 2.3.5
  resolution: "dompurify@npm:2.3.5"
  checksum: 06a7883b5ed0aed0da7c54606f3491d200ca427b8269834240110083c85908f96d7f7afdd56ee497fa6b2d500cb20b3026954219fec30b557cfea2535e0559c9
  languageName: node
  linkType: hard

"eventemitter3@npm:^4.0.7":
  version: 4.0.7
  resolution: "eventemitter3@npm:4.0.7"
  checksum: 1875311c42fcfe9c707b2712c32664a245629b42bb0a5a84439762dd0fd637fc54d078155ea83c2af9e0323c9ac13687e03cfba79b03af9f40c89b4960099374
  languageName: node
  linkType: hard

"fast-deep-equal@npm:^3.1.1":
  version: 3.1.3
  resolution: "fast-deep-equal@npm:3.1.3"
  checksum: e21a9d8d84f53493b6aa15efc9cfd53dd5b714a1f23f67fb5dc8f574af80df889b3bce25dc081887c6d25457cce704e636395333abad896ccdec03abaf1f3f9d
  languageName: node
  linkType: hard

"file-selector@npm:^0.6.0":
  version: 0.6.0
  resolution: "file-selector@npm:0.6.0"
  dependencies:
    tslib: ^2.4.0
  checksum: 7d051b6e5d793f3c6e2ab287ba5e7c2c6a0971bccc9d56e044c8047ba483e18f60fc0b5771c951dc707c0d15f4f36ccb4f1f1aaf385d21ec8f7700dadf8325ba
  languageName: node
  linkType: hard

"graphlib@npm:^2.1.8":
  version: 2.1.8
  resolution: "graphlib@npm:2.1.8"
  dependencies:
    lodash: ^4.17.15
  checksum: 1e0db4dea1c8187d59103d5582ecf32008845ebe2103959a51d22cb6dae495e81fb9263e22c922bca3aaecb56064a45cd53424e15a4626cfb5a0c52d0aff61a8
  languageName: node
  linkType: hard

"habillages-adjacents@workspace:.":
  version: 0.0.0-use.local
  resolution: "habillages-adjacents@workspace:."
  dependencies:
    "@inovua/reactdatagrid-community": ^5.8.5
    mermaid: ^8
    next: 13.2.4
    react: 18.2.0
    react-dom: 18.2.0
    react-dropzone: ^14.2.3
  languageName: unknown
  linkType: soft

"iconv-lite@npm:0.4":
  version: 0.4.24
  resolution: "iconv-lite@npm:0.4.24"
  dependencies:
    safer-buffer: ">= 2.1.2 < 3"
  checksum: bd9f120f5a5b306f0bc0b9ae1edeb1577161503f5f8252a20f1a9e56ef8775c9959fd01c55f2d3a39d9a8abaf3e30c1abeb1895f367dcbbe0a8fd1c9ca01c4f6
  languageName: node
  linkType: hard

"iconv-lite@npm:0.6":
  version: 0.6.3
  resolution: "iconv-lite@npm:0.6.3"
  dependencies:
    safer-buffer: ">= 2.1.2 < 3.0.0"
  checksum: 3f60d47a5c8fc3313317edfd29a00a692cc87a19cac0159e2ce711d0ebc9019064108323b5e493625e25594f11c6236647d8e256fbe7a58f4a3b33b89e6d30bf
  languageName: node
  linkType: hard

"internmap@npm:1 - 2":
  version: 2.0.3
  resolution: "internmap@npm:2.0.3"
  checksum: 7ca41ec6aba8f0072fc32fa8a023450a9f44503e2d8e403583c55714b25efd6390c38a87161ec456bf42d7bc83aab62eb28f5aef34876b1ac4e60693d5e1d241
  languageName: node
  linkType: hard

"js-tokens@npm:^3.0.0 || ^4.0.0":
  version: 4.0.0
  resolution: "js-tokens@npm:4.0.0"
  checksum: 8a95213a5a77deb6cbe94d86340e8d9ace2b93bc367790b260101d2f36a2eaf4e4e22d9fa9cf459b38af3a32fb4190e638024cf82ec95ef708680e405ea7cc78
  languageName: node
  linkType: hard

"khroma@npm:^1.4.1":
  version: 1.4.1
  resolution: "khroma@npm:1.4.1"
  checksum: 7a2ad859dc808d340f736096e21c95f616bb4efefbf333b60c2d6a14ebc5b5b19d1397910bcf47714250ffdf58724affb5e87693933d241225103e0fbecb4c4b
  languageName: node
  linkType: hard

"lodash._getnative@npm:^3.0.0":
  version: 3.9.1
  resolution: "lodash._getnative@npm:3.9.1"
  checksum: ba2152bb10bf44beb54fcd273598197972c989c2181b54e533cec1ff1ebebdf8bb02d4ffc3d5a648480a48beb3026db191f5de99adecd7eac36bbd6025c9b048
  languageName: node
  linkType: hard

"lodash.debounce@npm:^4.0.8":
  version: 4.0.8
  resolution: "lodash.debounce@npm:4.0.8"
  checksum: a3f527d22c548f43ae31c861ada88b2637eb48ac6aa3eb56e82d44917971b8aa96fbb37aa60efea674dc4ee8c42074f90f7b1f772e9db375435f6c83a19b3bc6
  languageName: node
  linkType: hard

"lodash.isarguments@npm:^3.0.0":
  version: 3.1.0
  resolution: "lodash.isarguments@npm:3.1.0"
  checksum: ae1526f3eb5c61c77944b101b1f655f846ecbedcb9e6b073526eba6890dc0f13f09f72e11ffbf6540b602caee319af9ac363d6cdd6be41f4ee453436f04f13b5
  languageName: node
  linkType: hard

"lodash.isarray@npm:^3.0.0":
  version: 3.0.4
  resolution: "lodash.isarray@npm:3.0.4"
  checksum: 3b298fb76ff16981353f7d0695d8680be9451b74d2e76714ddbd903a90fbaa8e1d84979d0ae99325f5a9033776771154b19e05027ab23de83202251c8abe81b5
  languageName: node
  linkType: hard

"lodash.keys@npm:^3.1.2":
  version: 3.1.2
  resolution: "lodash.keys@npm:3.1.2"
  dependencies:
    lodash._getnative: ^3.0.0
    lodash.isarguments: ^3.0.0
    lodash.isarray: ^3.0.0
  checksum: ac7c02c793334c48161a8e8a1f12576c73ee50d1371e75680afc6c2d3740d5e9bdc899517e6c0034014eaa2512c5f433a2e6985c9e16cf28b5c9013ec81bd35e
  languageName: node
  linkType: hard

"lodash.throttle@npm:^4.1.1":
  version: 4.1.1
  resolution: "lodash.throttle@npm:4.1.1"
  checksum: 129c0a28cee48b348aef146f638ef8a8b197944d4e9ec26c1890c19d9bf5a5690fe11b655c77a4551268819b32d27f4206343e30c78961f60b561b8608c8c805
  languageName: node
  linkType: hard

"lodash@npm:^4.17.15":
  version: 4.17.21
  resolution: "lodash@npm:4.17.21"
  checksum: eb835a2e51d381e561e508ce932ea50a8e5a68f4ebdd771ea240d3048244a8d13658acbd502cd4829768c56f2e16bdd4340b9ea141297d472517b83868e677f7
  languageName: node
  linkType: hard

"loose-envify@npm:^1.1.0, loose-envify@npm:^1.4.0":
  version: 1.4.0
  resolution: "loose-envify@npm:1.4.0"
  dependencies:
    js-tokens: ^3.0.0 || ^4.0.0
  bin:
    loose-envify: cli.js
  checksum: 6517e24e0cad87ec9888f500c5b5947032cdfe6ef65e1c1936a0c48a524b81e65542c9c3edc91c97d5bddc806ee2a985dbc79be89215d613b1de5db6d1cfe6f4
  languageName: node
  linkType: hard

"mermaid@npm:^8":
  version: 8.14.0
  resolution: "mermaid@npm:8.14.0"
  dependencies:
    "@braintree/sanitize-url": ^3.1.0
    d3: ^7.0.0
    dagre: ^0.8.5
    dagre-d3: ^0.6.4
    dompurify: 2.3.5
    graphlib: ^2.1.8
    khroma: ^1.4.1
    moment-mini: ^2.24.0
    stylis: ^4.0.10
  checksum: cd5fae1bf1cd7f2ea3f884c3551316eef4728cc87133cd55695b4ff3801e56f307e844ffac4f44d26aab09c53bccc73672c6e069bd100280bc40e11fb7da4610
  languageName: node
  linkType: hard

"moment-mini@npm:^2.24.0":
  version: 2.29.4
  resolution: "moment-mini@npm:2.29.4"
  checksum: 5d386872d04202c36653442a65f0e06a4e33cf3b25cef4e9df17877a8e76e93f218a1dfd4ccc0946c228815a4e1e53d79ae340de82791ffce90007769eb85120
  languageName: node
  linkType: hard

"nanoid@npm:^3.3.4":
  version: 3.3.4
  resolution: "nanoid@npm:3.3.4"
  bin:
    nanoid: bin/nanoid.cjs
  checksum: 2fddd6dee994b7676f008d3ffa4ab16035a754f4bb586c61df5a22cf8c8c94017aadd360368f47d653829e0569a92b129979152ff97af23a558331e47e37cd9c
  languageName: node
  linkType: hard

"next@npm:13.2.4":
  version: 13.2.4
  resolution: "next@npm:13.2.4"
  dependencies:
    "@next/env": 13.2.4
    "@next/swc-android-arm-eabi": 13.2.4
    "@next/swc-android-arm64": 13.2.4
    "@next/swc-darwin-arm64": 13.2.4
    "@next/swc-darwin-x64": 13.2.4
    "@next/swc-freebsd-x64": 13.2.4
    "@next/swc-linux-arm-gnueabihf": 13.2.4
    "@next/swc-linux-arm64-gnu": 13.2.4
    "@next/swc-linux-arm64-musl": 13.2.4
    "@next/swc-linux-x64-gnu": 13.2.4
    "@next/swc-linux-x64-musl": 13.2.4
    "@next/swc-win32-arm64-msvc": 13.2.4
    "@next/swc-win32-ia32-msvc": 13.2.4
    "@next/swc-win32-x64-msvc": 13.2.4
    "@swc/helpers": 0.4.14
    caniuse-lite: ^1.0.30001406
    postcss: 8.4.14
    styled-jsx: 5.1.1
  peerDependencies:
    "@opentelemetry/api": ^1.4.0
    fibers: ">= 3.1.0"
    node-sass: ^6.0.0 || ^7.0.0
    react: ^18.2.0
    react-dom: ^18.2.0
    sass: ^1.3.0
  dependenciesMeta:
    "@next/swc-android-arm-eabi":
      optional: true
    "@next/swc-android-arm64":
      optional: true
    "@next/swc-darwin-arm64":
      optional: true
    "@next/swc-darwin-x64":
      optional: true
    "@next/swc-freebsd-x64":
      optional: true
    "@next/swc-linux-arm-gnueabihf":
      optional: true
    "@next/swc-linux-arm64-gnu":
      optional: true
    "@next/swc-linux-arm64-musl":
      optional: true
    "@next/swc-linux-x64-gnu":
      optional: true
    "@next/swc-linux-x64-musl":
      optional: true
    "@next/swc-win32-arm64-msvc":
      optional: true
    "@next/swc-win32-ia32-msvc":
      optional: true
    "@next/swc-win32-x64-msvc":
      optional: true
  peerDependenciesMeta:
    "@opentelemetry/api":
      optional: true
    fibers:
      optional: true
    node-sass:
      optional: true
    sass:
      optional: true
  bin:
    next: dist/bin/next
  checksum: 8531dee41b60181b582f5ee80858907b102f083ef8808ff9352d589dd39e6b3a96f7a11b3776a03eef3a28430cff768336fa2e3ff2c6f8fcd699fbc891749051
  languageName: node
  linkType: hard

"object-assign@npm:^4.1.1":
  version: 4.1.1
  resolution: "object-assign@npm:4.1.1"
  checksum: fcc6e4ea8c7fe48abfbb552578b1c53e0d194086e2e6bbbf59e0a536381a292f39943c6e9628af05b5528aa5e3318bb30d6b2e53cadaf5b8fe9e12c4b69af23f
  languageName: node
  linkType: hard

"picocolors@npm:^1.0.0":
  version: 1.0.0
  resolution: "picocolors@npm:1.0.0"
  checksum: a2e8092dd86c8396bdba9f2b5481032848525b3dc295ce9b57896f931e63fc16f79805144321f72976383fc249584672a75cc18d6777c6b757603f372f745981
  languageName: node
  linkType: hard

"postcss@npm:8.4.14":
  version: 8.4.14
  resolution: "postcss@npm:8.4.14"
  dependencies:
    nanoid: ^3.3.4
    picocolors: ^1.0.0
    source-map-js: ^1.0.2
  checksum: fe58766ff32e4becf65a7d57678995cfd239df6deed2fe0557f038b47c94e4132e7e5f68b5aa820c13adfec32e523b693efaeb65798efb995ce49ccd83953816
  languageName: node
  linkType: hard

"prop-types@npm:^15.8.1":
  version: 15.8.1
  resolution: "prop-types@npm:15.8.1"
  dependencies:
    loose-envify: ^1.4.0
    object-assign: ^4.1.1
    react-is: ^16.13.1
  checksum: c056d3f1c057cb7ff8344c645450e14f088a915d078dcda795041765047fa080d38e5d626560ccaac94a4e16e3aa15f3557c1a9a8d1174530955e992c675e459
  languageName: node
  linkType: hard

"react-dom@npm:18.2.0":
  version: 18.2.0
  resolution: "react-dom@npm:18.2.0"
  dependencies:
    loose-envify: ^1.1.0
    scheduler: ^0.23.0
  peerDependencies:
    react: ^18.2.0
  checksum: 7d323310bea3a91be2965f9468d552f201b1c27891e45ddc2d6b8f717680c95a75ae0bc1e3f5cf41472446a2589a75aed4483aee8169287909fcd59ad149e8cc
  languageName: node
  linkType: hard

"react-dropzone@npm:^14.2.3":
  version: 14.2.3
  resolution: "react-dropzone@npm:14.2.3"
  dependencies:
    attr-accept: ^2.2.2
    file-selector: ^0.6.0
    prop-types: ^15.8.1
  peerDependencies:
    react: ">= 16.8 || 18.0.0"
  checksum: 174b744d5ca898cf3d84ec1aeb6cef5211c446697e45dc8ece8287a03d291f8d07253206d5a1247ef156fd385d65e7de666d4d5c2986020b8543b8f2434e8b40
  languageName: node
  linkType: hard

"react-is@npm:^16.13.1":
  version: 16.13.1
  resolution: "react-is@npm:16.13.1"
  checksum: f7a19ac3496de32ca9ae12aa030f00f14a3d45374f1ceca0af707c831b2a6098ef0d6bdae51bd437b0a306d7f01d4677fcc8de7c0d331eb47ad0f46130e53c5f
  languageName: node
  linkType: hard

"react@npm:18.2.0":
  version: 18.2.0
  resolution: "react@npm:18.2.0"
  dependencies:
    loose-envify: ^1.1.0
  checksum: 88e38092da8839b830cda6feef2e8505dec8ace60579e46aa5490fc3dc9bba0bd50336507dc166f43e3afc1c42939c09fe33b25fae889d6f402721dcd78fca1b
  languageName: node
  linkType: hard

"resize-observer-polyfill@npm:^1.5.1":
  version: 1.5.1
  resolution: "resize-observer-polyfill@npm:1.5.1"
  checksum: 57e7f79489867b00ba43c9c051524a5c8f162a61d5547e99333549afc23e15c44fd43f2f318ea0261ea98c0eb3158cca261e6f48d66e1ed1cd1f340a43977094
  languageName: node
  linkType: hard

"robust-predicates@npm:^3.0.0":
  version: 3.0.1
  resolution: "robust-predicates@npm:3.0.1"
  checksum: 45e9de2df4380da84a2a561d4fd54ea92194e878b93ed19d5e4bc90f4e834a13755e846c8516bab8360190309696f0564a0150386c52ef01f70f2b388449dac5
  languageName: node
  linkType: hard

"rw@npm:1":
  version: 1.3.3
  resolution: "rw@npm:1.3.3"
  checksum: c20d82421f5a71c86a13f76121b751553a99cd4a70ea27db86f9b23f33db941f3f06019c30f60d50c356d0bd674c8e74764ac146ea55e217c091bde6fba82aa3
  languageName: node
  linkType: hard

"safer-buffer@npm:>= 2.1.2 < 3, safer-buffer@npm:>= 2.1.2 < 3.0.0":
  version: 2.1.2
  resolution: "safer-buffer@npm:2.1.2"
  checksum: cab8f25ae6f1434abee8d80023d7e72b598cf1327164ddab31003c51215526801e40b66c5e65d658a0af1e9d6478cadcb4c745f4bd6751f97d8644786c0978b0
  languageName: node
  linkType: hard

"scheduler@npm:^0.23.0":
  version: 0.23.0
  resolution: "scheduler@npm:0.23.0"
  dependencies:
    loose-envify: ^1.1.0
  checksum: d79192eeaa12abef860c195ea45d37cbf2bbf5f66e3c4dcd16f54a7da53b17788a70d109ee3d3dde1a0fd50e6a8fc171f4300356c5aee4fc0171de526bf35f8a
  languageName: node
  linkType: hard

"shallowequal@npm:0.2.2":
  version: 0.2.2
  resolution: "shallowequal@npm:0.2.2"
  dependencies:
    lodash.keys: ^3.1.2
  checksum: 32b0304fb5eb8b1c991309a2b70feffac7b267533d137c30d53e0374df04d212d78226fbbb3ddd493577ee0ac387532d156cb5736ca33886652314ec9cec4f31
  languageName: node
  linkType: hard

"source-map-js@npm:^1.0.2":
  version: 1.0.2
  resolution: "source-map-js@npm:1.0.2"
  checksum: c049a7fc4deb9a7e9b481ae3d424cc793cb4845daa690bc5a05d428bf41bf231ced49b4cf0c9e77f9d42fdb3d20d6187619fc586605f5eabe995a316da8d377c
  languageName: node
  linkType: hard

"styled-jsx@npm:5.1.1":
  version: 5.1.1
  resolution: "styled-jsx@npm:5.1.1"
  dependencies:
    client-only: 0.0.1
  peerDependencies:
    react: ">= 16.8.0 || 17.x.x || ^18.0.0-0"
  peerDependenciesMeta:
    "@babel/core":
      optional: true
    babel-plugin-macros:
      optional: true
  checksum: 523a33b38603492547e861b98e29c873939b04e15fbe5ef16132c6f1e15958126647983c7d4675325038b428a5e91183d996e90141b18bdd1bbadf6e2c45b2fa
  languageName: node
  linkType: hard

"stylis@npm:^4.0.10":
  version: 4.1.3
  resolution: "stylis@npm:4.1.3"
  checksum: d04dbffcb9bf2c5ca8d8dc09534203c75df3bf711d33973ea22038a99cc475412a350b661ebd99cbc01daa50d7eedcf0d130d121800eb7318759a197023442a6
  languageName: node
  linkType: hard

"tslib@npm:^2.4.0":
  version: 2.5.0
  resolution: "tslib@npm:2.5.0"
  checksum: ae3ed5f9ce29932d049908ebfdf21b3a003a85653a9a140d614da6b767a93ef94f460e52c3d787f0e4f383546981713f165037dc2274df212ea9f8a4541004e1
  languageName: node
  linkType: hard
